
Microsoft Visual Studio Solution File, Format Version 12.00
# Visual Studio 15
VisualStudioVersion = 15.0.28307.421
MinimumVisualStudioVersion = 10.0.40219.1
Project("{FAE04EC0-301F-11D3-BF4B-00C04F79EFBC}") = "ScientificReport", "ScientificReport\ScientificReport.csproj", "{52DF7DDE-652F-46CE-BE86-AD53A5605A7A}"
EndProject
Project("{FAE04EC0-301F-11D3-BF4B-00C04F79EFBC}") = "DAL", "DAL\DAL.csproj", "{6D256214-7ADE-494D-835E-1123AE5CF724}"
EndProject
Project("{FAE04EC0-301F-11D3-BF4B-00C04F79EFBC}") = "BL", "BL\BL.csproj", "{FDB70473-C2EA-4078-A3BD-2DCFC9684F13}"
EndProject
Global
	GlobalSection(SolutionConfigurationPlatforms) = preSolution
		Debug|Any CPU = Debug|Any CPU
		Release|Any CPU = Release|Any CPU
	EndGlobalSection
	GlobalSection(ProjectConfigurationPlatforms) = postSolution
		{52DF7DDE-652F-46CE-BE86-AD53A5605A7A}.Debug|Any CPU.ActiveCfg = Debug|Any CPU
		{52DF7DDE-652F-46CE-BE86-AD53A5605A7A}.Debug|Any CPU.Build.0 = Debug|Any CPU
		{52DF7DDE-652F-46CE-BE86-AD53A5605A7A}.Release|Any CPU.ActiveCfg = Release|Any CPU
		{52DF7DDE-652F-46CE-BE86-AD53A5605A7A}.Release|Any CPU.Build.0 = Release|Any CPU
		{6D256214-7ADE-494D-835E-1123AE5CF724}.Debug|Any CPU.ActiveCfg = Debug|Any CPU
		{6D256214-7ADE-494D-835E-1123AE5CF724}.Debug|Any CPU.Build.0 = Debug|Any CPU
		{6D256214-7ADE-494D-835E-1123AE5CF724}.Release|Any CPU.ActiveCfg = Release|Any CPU
		{6D256214-7ADE-494D-835E-1123AE5CF724}.Release|Any CPU.Build.0 = Release|Any CPU
		{FDB70473-C2EA-4078-A3BD-2DCFC9684F13}.Debug|Any CPU.ActiveCfg = Debug|Any CPU
		{FDB70473-C2EA-4078-A3BD-2DCFC9684F13}.Debug|Any CPU.Build.0 = Debug|Any CPU
		{FDB70473-C2EA-4078-A3BD-2DCFC9684F13}.Release|Any CPU.ActiveCfg = Release|Any CPU
		{FDB70473-C2EA-4078-A3BD-2DCFC9684F13}.Release|Any CPU.Build.0 = Release|Any CPU
	EndGlobalSection
	GlobalSection(SolutionProperties) = preSolution
		HideSolutionNode = FALSE
	EndGlobalSection
	GlobalSection(ExtensibilityGlobals) = postSolution
		SolutionGuid = {E90040FD-53A5-4A78-94E5-108E6A9CDE53}
	EndGlobalSection
EndGlobal
